
Microsoft Visual Studio Solution File, Format Version 12.00
# Visual Studio Version 16
VisualStudioVersion = 16.0.30804.86
MinimumVisualStudioVersion = 10.0.40219.1
Project("{9A19103F-16F7-4668-BE54-9A1E7A4F7556}") = "Kampintro", "Kampintro\Kampintro.csproj", "{0FCA4429-9524-4BAF-8BA1-0708C4FCB45D}"
EndProject
Project("{9A19103F-16F7-4668-BE54-9A1E7A4F7556}") = "Donguler", "Donguler\Donguler.csproj", "{33B481AF-58D1-4247-8F38-5B52DC6C74DC}"
EndProject
Project("{9A19103F-16F7-4668-BE54-9A1E7A4F7556}") = "ClassIntro", "ClassIntro\ClassIntro.csproj", "{485E8B2A-DE48-4D9C-A87A-FFC7EA254794}"
EndProject
Project("{9A19103F-16F7-4668-BE54-9A1E7A4F7556}") = "Metotlar", "Metotlar\Metotlar.csproj", "{AB78C462-2EA4-4C34-9439-BF4520B8BCA1}"
EndProject
Project("{9A19103F-16F7-4668-BE54-9A1E7A4F7556}") = "Matematik", "Matematik\Matematik.csproj", "{48A37377-631F-45C1-A5E4-20D07F8667A3}"
EndProject
Project("{9A19103F-16F7-4668-BE54-9A1E7A4F7556}") = "DegerVeReferansTipler", "DegerVeReferansTipler\DegerVeReferansTipler.csproj", "{7880D22A-B30A-48A0-B5CD-3C21459A4429}"
EndProject
Project("{9A19103F-16F7-4668-BE54-9A1E7A4F7556}") = "Banka", "Banka\Banka.csproj", "{15DDB319-75B3-4C60-8036-A9B96591E5FE}"
EndProject
Project("{9A19103F-16F7-4668-BE54-9A1E7A4F7556}") = "OOP1", "OOP1\OOP1.csproj", "{A68218D4-B83E-4163-BB74-ABAE9545F6A5}"
EndProject
Project("{9A19103F-16F7-4668-BE54-9A1E7A4F7556}") = "Koleksiyonlar", "Koleksiyonlar\Koleksiyonlar.csproj", "{375D9029-3F55-485A-BA99-54DCC2FE04CE}"
EndProject
Project("{9A19103F-16F7-4668-BE54-9A1E7A4F7556}") = "GenericsIntro", "GenericsIntro\GenericsIntro.csproj", "{C3840632-6E80-4204-B8ED-482967A8ED4E}"
EndProject
Project("{FAE04EC0-301F-11D3-BF4B-00C04F79EFBC}") = "OOP2", "OOP2\OOP2.csproj", "{7ACBB106-7667-4CEC-A5ED-532A595FA8EC}"
EndProject
Project("{FAE04EC0-301F-11D3-BF4B-00C04F79EFBC}") = "OOP3", "OOP3\OOP3.csproj", "{974C8C46-5BA6-4F06-8506-37D95E132D6A}"
EndProject
Global
	GlobalSection(SolutionConfigurationPlatforms) = preSolution
		Debug|Any CPU = Debug|Any CPU
		Release|Any CPU = Release|Any CPU
	EndGlobalSection
	GlobalSection(ProjectConfigurationPlatforms) = postSolution
		{0FCA4429-9524-4BAF-8BA1-0708C4FCB45D}.Debug|Any CPU.ActiveCfg = Debug|Any CPU
		{0FCA4429-9524-4BAF-8BA1-0708C4FCB45D}.Debug|Any CPU.Build.0 = Debug|Any CPU
		{0FCA4429-9524-4BAF-8BA1-0708C4FCB45D}.Release|Any CPU.ActiveCfg = Release|Any CPU
		{0FCA4429-9524-4BAF-8BA1-0708C4FCB45D}.Release|Any CPU.Build.0 = Release|Any CPU
		{33B481AF-58D1-4247-8F38-5B52DC6C74DC}.Debug|Any CPU.ActiveCfg = Debug|Any CPU
		{33B481AF-58D1-4247-8F38-5B52DC6C74DC}.Debug|Any CPU.Build.0 = Debug|Any CPU
		{33B481AF-58D1-4247-8F38-5B52DC6C74DC}.Release|Any CPU.ActiveCfg = Release|Any CPU
		{33B481AF-58D1-4247-8F38-5B52DC6C74DC}.Release|Any CPU.Build.0 = Release|Any CPU
		{485E8B2A-DE48-4D9C-A87A-FFC7EA254794}.Debug|Any CPU.ActiveCfg = Debug|Any CPU
		{485E8B2A-DE48-4D9C-A87A-FFC7EA254794}.Debug|Any CPU.Build.0 = Debug|Any CPU
		{485E8B2A-DE48-4D9C-A87A-FFC7EA254794}.Release|Any CPU.ActiveCfg = Release|Any CPU
		{485E8B2A-DE48-4D9C-A87A-FFC7EA254794}.Release|Any CPU.Build.0 = Release|Any CPU
		{AB78C462-2EA4-4C34-9439-BF4520B8BCA1}.Debug|Any CPU.ActiveCfg = Debug|Any CPU
		{AB78C462-2EA4-4C34-9439-BF4520B8BCA1}.Debug|Any CPU.Build.0 = Debug|Any CPU
		{AB78C462-2EA4-4C34-9439-BF4520B8BCA1}.Release|Any CPU.ActiveCfg = Release|Any CPU
		{AB78C462-2EA4-4C34-9439-BF4520B8BCA1}.Release|Any CPU.Build.0 = Release|Any CPU
		{48A37377-631F-45C1-A5E4-20D07F8667A3}.Debug|Any CPU.ActiveCfg = Debug|Any CPU
		{48A37377-631F-45C1-A5E4-20D07F8667A3}.Debug|Any CPU.Build.0 = Debug|Any CPU
		{48A37377-631F-45C1-A5E4-20D07F8667A3}.Release|Any CPU.ActiveCfg = Release|Any CPU
		{48A37377-631F-45C1-A5E4-20D07F8667A3}.Release|Any CPU.Build.0 = Release|Any CPU
		{7880D22A-B30A-48A0-B5CD-3C21459A4429}.Debug|Any CPU.ActiveCfg = Debug|Any CPU
		{7880D22A-B30A-48A0-B5CD-3C21459A4429}.Debug|Any CPU.Build.0 = Debug|Any CPU
		{7880D22A-B30A-48A0-B5CD-3C21459A4429}.Release|Any CPU.ActiveCfg = Release|Any CPU
		{7880D22A-B30A-48A0-B5CD-3C21459A4429}.Release|Any CPU.Build.0 = Release|Any CPU
		{15DDB319-75B3-4C60-8036-A9B96591E5FE}.Debug|Any CPU.ActiveCfg = Debug|Any CPU
		{15DDB319-75B3-4C60-8036-A9B96591E5FE}.Debug|Any CPU.Build.0 = Debug|Any CPU
		{15DDB319-75B3-4C60-8036-A9B96591E5FE}.Release|Any CPU.ActiveCfg = Release|Any CPU
		{15DDB319-75B3-4C60-8036-A9B96591E5FE}.Release|Any CPU.Build.0 = Release|Any CPU
		{A68218D4-B83E-4163-BB74-ABAE9545F6A5}.Debug|Any CPU.ActiveCfg = Debug|Any CPU
		{A68218D4-B83E-4163-BB74-ABAE9545F6A5}.Debug|Any CPU.Build.0 = Debug|Any CPU
		{A68218D4-B83E-4163-BB74-ABAE9545F6A5}.Release|Any CPU.ActiveCfg = Release|Any CPU
		{A68218D4-B83E-4163-BB74-ABAE9545F6A5}.Release|Any CPU.Build.0 = Release|Any CPU
		{375D9029-3F55-485A-BA99-54DCC2FE04CE}.Debug|Any CPU.ActiveCfg = Debug|Any CPU
		{375D9029-3F55-485A-BA99-54DCC2FE04CE}.Debug|Any CPU.Build.0 = Debug|Any CPU
		{375D9029-3F55-485A-BA99-54DCC2FE04CE}.Release|Any CPU.ActiveCfg = Release|Any CPU
		{375D9029-3F55-485A-BA99-54DCC2FE04CE}.Release|Any CPU.Build.0 = Release|Any CPU
		{C3840632-6E80-4204-B8ED-482967A8ED4E}.Debug|Any CPU.ActiveCfg = Debug|Any CPU
		{C3840632-6E80-4204-B8ED-482967A8ED4E}.Debug|Any CPU.Build.0 = Debug|Any CPU
		{C3840632-6E80-4204-B8ED-482967A8ED4E}.Release|Any CPU.ActiveCfg = Release|Any CPU
		{C3840632-6E80-4204-B8ED-482967A8ED4E}.Release|Any CPU.Build.0 = Release|Any CPU
		{7ACBB106-7667-4CEC-A5ED-532A595FA8EC}.Debug|Any CPU.ActiveCfg = Debug|Any CPU
		{7ACBB106-7667-4CEC-A5ED-532A595FA8EC}.Debug|Any CPU.Build.0 = Debug|Any CPU
		{7ACBB106-7667-4CEC-A5ED-532A595FA8EC}.Release|Any CPU.ActiveCfg = Release|Any CPU
		{7ACBB106-7667-4CEC-A5ED-532A595FA8EC}.Release|Any CPU.Build.0 = Release|Any CPU
		{974C8C46-5BA6-4F06-8506-37D95E132D6A}.Debug|Any CPU.ActiveCfg = Debug|Any CPU
		{974C8C46-5BA6-4F06-8506-37D95E132D6A}.Debug|Any CPU.Build.0 = Debug|Any CPU
		{974C8C46-5BA6-4F06-8506-37D95E132D6A}.Release|Any CPU.ActiveCfg = Release|Any CPU
		{974C8C46-5BA6-4F06-8506-37D95E132D6A}.Release|Any CPU.Build.0 = Release|Any CPU
	EndGlobalSection
	GlobalSection(SolutionProperties) = preSolution
		HideSolutionNode = FALSE
	EndGlobalSection
	GlobalSection(ExtensibilityGlobals) = postSolution
		SolutionGuid = {9C6A4024-19FB-4FD6-A51A-63E7A1E2CD2C}
	EndGlobalSection
EndGlobal
